
Microsoft Visual Studio Solution File, Format Version 12.00
# Visual Studio Version 17
VisualStudioVersion = 17.4.33205.214
MinimumVisualStudioVersion = 10.0.40219.1
Project("{888888A0-9F3D-457C-B088-3A5042F75D52}") = "põhikonstruktsioonidmp", "põhikonstruktsioonidmp.pyproj", "{9EF47187-AE73-4F70-8C1F-4A9D0FF14433}"
EndProject
Global
	GlobalSection(SolutionConfigurationPlatforms) = preSolution
		Debug|Any CPU = Debug|Any CPU
		Release|Any CPU = Release|Any CPU
	EndGlobalSection
	GlobalSection(ProjectConfigurationPlatforms) = postSolution
		{9EF47187-AE73-4F70-8C1F-4A9D0FF14433}.Debug|Any CPU.ActiveCfg = Debug|Any CPU
		{9EF47187-AE73-4F70-8C1F-4A9D0FF14433}.Release|Any CPU.ActiveCfg = Release|Any CPU
	EndGlobalSection
	GlobalSection(SolutionProperties) = preSolution
		HideSolutionNode = FALSE
	EndGlobalSection
	GlobalSection(ExtensibilityGlobals) = postSolution
		SolutionGuid = {9C95F006-7C4B-4965-A21E-DBC894E9C3A8}
	EndGlobalSection
EndGlobal
